
Microsoft Visual Studio Solution File, Format Version 12.00
# Visual Studio Version 16
VisualStudioVersion = 16.0.30523.141
MinimumVisualStudioVersion = 10.0.40219.1
Project("{FAE04EC0-301F-11D3-BF4B-00C04F79EFBC}") = "CA2", "Customer\CA2.csproj", "{38B87D6F-4512-46F7-81A2-7E15FD5A95E6}"
EndProject
Global
	GlobalSection(SolutionConfigurationPlatforms) = preSolution
		Debug|Any CPU = Debug|Any CPU
		Release|Any CPU = Release|Any CPU
	EndGlobalSection
	GlobalSection(ProjectConfigurationPlatforms) = postSolution
		{38B87D6F-4512-46F7-81A2-7E15FD5A95E6}.Debug|Any CPU.ActiveCfg = Debug|Any CPU
		{38B87D6F-4512-46F7-81A2-7E15FD5A95E6}.Debug|Any CPU.Build.0 = Debug|Any CPU
		{38B87D6F-4512-46F7-81A2-7E15FD5A95E6}.Release|Any CPU.ActiveCfg = Release|Any CPU
		{38B87D6F-4512-46F7-81A2-7E15FD5A95E6}.Release|Any CPU.Build.0 = Release|Any CPU
	EndGlobalSection
	GlobalSection(SolutionProperties) = preSolution
		HideSolutionNode = FALSE
	EndGlobalSection
	GlobalSection(ExtensibilityGlobals) = postSolution
		SolutionGuid = {1D6A8CEB-EE24-44AF-A189-5D40D85937F6}
	EndGlobalSection
EndGlobal
